
Microsoft Visual Studio Solution File, Format Version 12.00
# Visual Studio Version 17
VisualStudioVersion = 17.11.35312.102
MinimumVisualStudioVersion = 10.0.40219.1
Project("{FAE04EC0-301F-11D3-BF4B-00C04F79EFBC}") = "Prueba", "Prueba\Prueba.csproj", "{DF4E6973-4F80-48EE-BBC9-2706C8828742}"
EndProject
Global
	GlobalSection(SolutionConfigurationPlatforms) = preSolution
		Debug|Any CPU = Debug|Any CPU
		Release|Any CPU = Release|Any CPU
	EndGlobalSection
	GlobalSection(ProjectConfigurationPlatforms) = postSolution
		{DF4E6973-4F80-48EE-BBC9-2706C8828742}.Debug|Any CPU.ActiveCfg = Debug|Any CPU
		{DF4E6973-4F80-48EE-BBC9-2706C8828742}.Debug|Any CPU.Build.0 = Debug|Any CPU
		{DF4E6973-4F80-48EE-BBC9-2706C8828742}.Release|Any CPU.ActiveCfg = Release|Any CPU
		{DF4E6973-4F80-48EE-BBC9-2706C8828742}.Release|Any CPU.Build.0 = Release|Any CPU
	EndGlobalSection
	GlobalSection(SolutionProperties) = preSolution
		HideSolutionNode = FALSE
	EndGlobalSection
	GlobalSection(ExtensibilityGlobals) = postSolution
		SolutionGuid = {F784F033-98F7-48FC-B79E-2E4C2BAC1112}
	EndGlobalSection
EndGlobal
